// !$*UTF8*$!
{
	archiveVersion = 1;
	classes = {
	};
	objectVersion = 51;
	objects = {

/* Begin PBXBuildFile section */
		7B58FF38253F0D7600FCBCF2 /* UserCell.swift in Sources */ = {isa = PBXBuildFile; fileRef = 7B58FF37253F0D7600FCBCF2 /* UserCell.swift */; };
		7B5ECD742538A5D0007A4A77 /* LoginController.swift in Sources */ = {isa = PBXBuildFile; fileRef = 7B5ECD732538A5D0007A4A77 /* LoginController.swift */; };
		7B5ECD772538A665007A4A77 /* RegistrationController.swift in Sources */ = {isa = PBXBuildFile; fileRef = 7B5ECD762538A665007A4A77 /* RegistrationController.swift */; };
		7B5ECD7A2538B049007A4A77 /* Utilities.swift in Sources */ = {isa = PBXBuildFile; fileRef = 7B5ECD792538B049007A4A77 /* Utilities.swift */; };
		7B7B2BC42539C22D00743E1C /* Constants.swift in Sources */ = {isa = PBXBuildFile; fileRef = 7B7B2BC32539C22D00743E1C /* Constants.swift */; };
		7B82A2FF25403C2D006A0214 /* TweetController.swift in Sources */ = {isa = PBXBuildFile; fileRef = 7B82A2FE25403C2D006A0214 /* TweetController.swift */; };
		7B82A30225403FB7006A0214 /* TweetHeader.swift in Sources */ = {isa = PBXBuildFile; fileRef = 7B82A30125403FB7006A0214 /* TweetHeader.swift */; };
		7B82A3052540A1F6006A0214 /* UploadTweetViewModel.swift in Sources */ = {isa = PBXBuildFile; fileRef = 7B82A3042540A1F6006A0214 /* UploadTweetViewModel.swift */; };
		7B878C732539A969009A250A /* GoogleService-Info.plist in Resources */ = {isa = PBXBuildFile; fileRef = 7B878C722539A969009A250A /* GoogleService-Info.plist */; };
		7BA08763253DA252009049A5 /* ProfileController.swift in Sources */ = {isa = PBXBuildFile; fileRef = 7BA08762253DA252009049A5 /* ProfileController.swift */; };
		7BA08767253DE858009049A5 /* ProfileHeader.swift in Sources */ = {isa = PBXBuildFile; fileRef = 7BA08766253DE858009049A5 /* ProfileHeader.swift */; };
		7BA0876A253DF773009049A5 /* ProfileFilterView.swift in Sources */ = {isa = PBXBuildFile; fileRef = 7BA08769253DF773009049A5 /* ProfileFilterView.swift */; };
		7BA0876D253DF9B4009049A5 /* ProfileFilterCell.swift in Sources */ = {isa = PBXBuildFile; fileRef = 7BA0876C253DF9B4009049A5 /* ProfileFilterCell.swift */; };
		7BA08770253E04D8009049A5 /* ProfileHeaderViewModel.swift in Sources */ = {isa = PBXBuildFile; fileRef = 7BA0876F253E04D8009049A5 /* ProfileHeaderViewModel.swift */; };
		7BB0D678253B64F600E21414 /* UploadTweetController.swift in Sources */ = {isa = PBXBuildFile; fileRef = 7BB0D677253B64F600E21414 /* UploadTweetController.swift */; };
		7BB0D67B253C611000E21414 /* CaptionTextView.swift in Sources */ = {isa = PBXBuildFile; fileRef = 7BB0D67A253C611000E21414 /* CaptionTextView.swift */; };
		7BB0D67E253C6B5600E21414 /* TweetService.swift in Sources */ = {isa = PBXBuildFile; fileRef = 7BB0D67D253C6B5600E21414 /* TweetService.swift */; };
		7BB0D681253C9F2200E21414 /* Tweet.swift in Sources */ = {isa = PBXBuildFile; fileRef = 7BB0D680253C9F2200E21414 /* Tweet.swift */; };
		7BB0D684253CA92B00E21414 /* TweetCell.swift in Sources */ = {isa = PBXBuildFile; fileRef = 7BB0D683253CA92B00E21414 /* TweetCell.swift */; };
		7BB0D687253CD6AF00E21414 /* TweetViewModel.swift in Sources */ = {isa = PBXBuildFile; fileRef = 7BB0D686253CD6AF00E21414 /* TweetViewModel.swift */; };
		7BD55AC82537460C000A6C96 /* AppDelegate.swift in Sources */ = {isa = PBXBuildFile; fileRef = 7BD55AC72537460C000A6C96 /* AppDelegate.swift */; };
		7BD55ACA2537460C000A6C96 /* SceneDelegate.swift in Sources */ = {isa = PBXBuildFile; fileRef = 7BD55AC92537460C000A6C96 /* SceneDelegate.swift */; };
		7BD55ACF2537460C000A6C96 /* Main.storyboard in Resources */ = {isa = PBXBuildFile; fileRef = 7BD55ACD2537460C000A6C96 /* Main.storyboard */; };
		7BD55AD12537460D000A6C96 /* Assets.xcassets in Resources */ = {isa = PBXBuildFile; fileRef = 7BD55AD02537460D000A6C96 /* Assets.xcassets */; };
		7BD55AD42537460D000A6C96 /* LaunchScreen.storyboard in Resources */ = {isa = PBXBuildFile; fileRef = 7BD55AD22537460D000A6C96 /* LaunchScreen.storyboard */; };
		7BD55AE525374931000A6C96 /* MainTabController.swift in Sources */ = {isa = PBXBuildFile; fileRef = 7BD55AE425374931000A6C96 /* MainTabController.swift */; };
		7BD55AE825374BF5000A6C96 /* FeedController.swift in Sources */ = {isa = PBXBuildFile; fileRef = 7BD55AE725374BF5000A6C96 /* FeedController.swift */; };
		7BD55AEB25374C6A000A6C96 /* ExploreController.swift in Sources */ = {isa = PBXBuildFile; fileRef = 7BD55AEA25374C6A000A6C96 /* ExploreController.swift */; };
		7BD55AEE25374C84000A6C96 /* NotificationsController.swift in Sources */ = {isa = PBXBuildFile; fileRef = 7BD55AED25374C84000A6C96 /* NotificationsController.swift */; };
		7BD55AF125374C93000A6C96 /* ConversationController.swift in Sources */ = {isa = PBXBuildFile; fileRef = 7BD55AF025374C93000A6C96 /* ConversationController.swift */; };
		7BD55AF425375791000A6C96 /* Extensions.swift in Sources */ = {isa = PBXBuildFile; fileRef = 7BD55AF325375791000A6C96 /* Extensions.swift */; };
		7BE85BB12539EE53008E0BB0 /* AuthService.swift in Sources */ = {isa = PBXBuildFile; fileRef = 7BE85BB02539EE53008E0BB0 /* AuthService.swift */; };
		7BE85BB4253A2F1C008E0BB0 /* UserService.swift in Sources */ = {isa = PBXBuildFile; fileRef = 7BE85BB3253A2F1C008E0BB0 /* UserService.swift */; };
		7BE85BB7253A341C008E0BB0 /* User.swift in Sources */ = {isa = PBXBuildFile; fileRef = 7BE85BB6253A341C008E0BB0 /* User.swift */; };
		97C078AFEFE23A5391E7E8C3 /* Pods_Twitter.framework in Frameworks */ = {isa = PBXBuildFile; fileRef = 8ECA1EC0A9F15B96008FC43D /* Pods_Twitter.framework */; };
/* End PBXBuildFile section */

/* Begin PBXFileReference section */
		3B4CCB777A657B33B55F2481 /* Pods-Twitter.release.xcconfig */ = {isa = PBXFileReference; includeInIndex = 1; lastKnownFileType = text.xcconfig; name = "Pods-Twitter.release.xcconfig"; path = "Target Support Files/Pods-Twitter/Pods-Twitter.release.xcconfig"; sourceTree = "<group>"; };
		49B2AC1E21B51818BCEBF944 /* Pods-Twitter.debug.xcconfig */ = {isa = PBXFileReference; includeInIndex = 1; lastKnownFileType = text.xcconfig; name = "Pods-Twitter.debug.xcconfig"; path = "Target Support Files/Pods-Twitter/Pods-Twitter.debug.xcconfig"; sourceTree = "<group>"; };
		7B58FF37253F0D7600FCBCF2 /* UserCell.swift */ = {isa = PBXFileReference; lastKnownFileType = sourcecode.swift; path = UserCell.swift; sourceTree = "<group>"; };
		7B5ECD732538A5D0007A4A77 /* LoginController.swift */ = {isa = PBXFileReference; lastKnownFileType = sourcecode.swift; path = LoginController.swift; sourceTree = "<group>"; };
		7B5ECD762538A665007A4A77 /* RegistrationController.swift */ = {isa = PBXFileReference; lastKnownFileType = sourcecode.swift; path = RegistrationController.swift; sourceTree = "<group>"; };
		7B5ECD792538B049007A4A77 /* Utilities.swift */ = {isa = PBXFileReference; lastKnownFileType = sourcecode.swift; path = Utilities.swift; sourceTree = "<group>"; };
		7B7B2BC32539C22D00743E1C /* Constants.swift */ = {isa = PBXFileReference; lastKnownFileType = sourcecode.swift; path = Constants.swift; sourceTree = "<group>"; };
		7B82A2FE25403C2D006A0214 /* TweetController.swift */ = {isa = PBXFileReference; lastKnownFileType = sourcecode.swift; path = TweetController.swift; sourceTree = "<group>"; };
		7B82A30125403FB7006A0214 /* TweetHeader.swift */ = {isa = PBXFileReference; lastKnownFileType = sourcecode.swift; path = TweetHeader.swift; sourceTree = "<group>"; };
		7B82A3042540A1F6006A0214 /* UploadTweetViewModel.swift */ = {isa = PBXFileReference; lastKnownFileType = sourcecode.swift; path = UploadTweetViewModel.swift; sourceTree = "<group>"; };
		7B878C722539A969009A250A /* GoogleService-Info.plist */ = {isa = PBXFileReference; fileEncoding = 4; lastKnownFileType = text.plist.xml; path = "GoogleService-Info.plist"; sourceTree = "<group>"; };
		7BA08762253DA252009049A5 /* ProfileController.swift */ = {isa = PBXFileReference; lastKnownFileType = sourcecode.swift; path = ProfileController.swift; sourceTree = "<group>"; };
		7BA08766253DE858009049A5 /* ProfileHeader.swift */ = {isa = PBXFileReference; lastKnownFileType = sourcecode.swift; path = ProfileHeader.swift; sourceTree = "<group>"; };
		7BA08769253DF773009049A5 /* ProfileFilterView.swift */ = {isa = PBXFileReference; lastKnownFileType = sourcecode.swift; path = ProfileFilterView.swift; sourceTree = "<group>"; };
		7BA0876C253DF9B4009049A5 /* ProfileFilterCell.swift */ = {isa = PBXFileReference; lastKnownFileType = sourcecode.swift; path = ProfileFilterCell.swift; sourceTree = "<group>"; };
		7BA0876F253E04D8009049A5 /* ProfileHeaderViewModel.swift */ = {isa = PBXFileReference; lastKnownFileType = sourcecode.swift; path = ProfileHeaderViewModel.swift; sourceTree = "<group>"; };
		7BB0D677253B64F600E21414 /* UploadTweetController.swift */ = {isa = PBXFileReference; lastKnownFileType = sourcecode.swift; path = UploadTweetController.swift; sourceTree = "<group>"; };
		7BB0D67A253C611000E21414 /* CaptionTextView.swift */ = {isa = PBXFileReference; lastKnownFileType = sourcecode.swift; path = CaptionTextView.swift; sourceTree = "<group>"; };
		7BB0D67D253C6B5600E21414 /* TweetService.swift */ = {isa = PBXFileReference; lastKnownFileType = sourcecode.swift; path = TweetService.swift; sourceTree = "<group>"; };
		7BB0D680253C9F2200E21414 /* Tweet.swift */ = {isa = PBXFileReference; lastKnownFileType = sourcecode.swift; path = Tweet.swift; sourceTree = "<group>"; };
		7BB0D683253CA92B00E21414 /* TweetCell.swift */ = {isa = PBXFileReference; lastKnownFileType = sourcecode.swift; path = TweetCell.swift; sourceTree = "<group>"; };
		7BB0D686253CD6AF00E21414 /* TweetViewModel.swift */ = {isa = PBXFileReference; lastKnownFileType = sourcecode.swift; path = TweetViewModel.swift; sourceTree = "<group>"; };
		7BD55AC42537460C000A6C96 /* Twitter.app */ = {isa = PBXFileReference; explicitFileType = wrapper.application; includeInIndex = 0; path = Twitter.app; sourceTree = BUILT_PRODUCTS_DIR; };
		7BD55AC72537460C000A6C96 /* AppDelegate.swift */ = {isa = PBXFileReference; lastKnownFileType = sourcecode.swift; path = AppDelegate.swift; sourceTree = "<group>"; };
		7BD55AC92537460C000A6C96 /* SceneDelegate.swift */ = {isa = PBXFileReference; lastKnownFileType = sourcecode.swift; path = SceneDelegate.swift; sourceTree = "<group>"; };
		7BD55ACE2537460C000A6C96 /* Base */ = {isa = PBXFileReference; lastKnownFileType = file.storyboard; name = Base; path = Base.lproj/Main.storyboard; sourceTree = "<group>"; };
		7BD55AD02537460D000A6C96 /* Assets.xcassets */ = {isa = PBXFileReference; lastKnownFileType = folder.assetcatalog; path = Assets.xcassets; sourceTree = "<group>"; };
		7BD55AD32537460D000A6C96 /* Base */ = {isa = PBXFileReference; lastKnownFileType = file.storyboard; name = Base; path = Base.lproj/LaunchScreen.storyboard; sourceTree = "<group>"; };
		7BD55AD52537460D000A6C96 /* Info.plist */ = {isa = PBXFileReference; lastKnownFileType = text.plist.xml; path = Info.plist; sourceTree = "<group>"; };
		7BD55AE425374931000A6C96 /* MainTabController.swift */ = {isa = PBXFileReference; lastKnownFileType = sourcecode.swift; path = MainTabController.swift; sourceTree = "<group>"; };
		7BD55AE725374BF5000A6C96 /* FeedController.swift */ = {isa = PBXFileReference; lastKnownFileType = sourcecode.swift; path = FeedController.swift; sourceTree = "<group>"; };
		7BD55AEA25374C6A000A6C96 /* ExploreController.swift */ = {isa = PBXFileReference; lastKnownFileType = sourcecode.swift; path = ExploreController.swift; sourceTree = "<group>"; };
		7BD55AED25374C84000A6C96 /* NotificationsController.swift */ = {isa = PBXFileReference; lastKnownFileType = sourcecode.swift; path = NotificationsController.swift; sourceTree = "<group>"; };
		7BD55AF025374C93000A6C96 /* ConversationController.swift */ = {isa = PBXFileReference; lastKnownFileType = sourcecode.swift; path = ConversationController.swift; sourceTree = "<group>"; };
		7BD55AF325375791000A6C96 /* Extensions.swift */ = {isa = PBXFileReference; lastKnownFileType = sourcecode.swift; path = Extensions.swift; sourceTree = "<group>"; };
		7BE85BB02539EE53008E0BB0 /* AuthService.swift */ = {isa = PBXFileReference; lastKnownFileType = sourcecode.swift; path = AuthService.swift; sourceTree = "<group>"; };
		7BE85BB3253A2F1C008E0BB0 /* UserService.swift */ = {isa = PBXFileReference; lastKnownFileType = sourcecode.swift; path = UserService.swift; sourceTree = "<group>"; };
		7BE85BB6253A341C008E0BB0 /* User.swift */ = {isa = PBXFileReference; lastKnownFileType = sourcecode.swift; path = User.swift; sourceTree = "<group>"; };
		8ECA1EC0A9F15B96008FC43D /* Pods_Twitter.framework */ = {isa = PBXFileReference; explicitFileType = wrapper.framework; includeInIndex = 0; path = Pods_Twitter.framework; sourceTree = BUILT_PRODUCTS_DIR; };
/* End PBXFileReference section */

/* Begin PBXFrameworksBuildPhase section */
		7BD55AC12537460C000A6C96 /* Frameworks */ = {
			isa = PBXFrameworksBuildPhase;
			buildActionMask = 2147483647;
			files = (
				97C078AFEFE23A5391E7E8C3 /* Pods_Twitter.framework in Frameworks */,
			);
			runOnlyForDeploymentPostprocessing = 0;
		};
/* End PBXFrameworksBuildPhase section */

/* Begin PBXGroup section */
		673C85F6A592AFCDD5F7382D /* Pods */ = {
			isa = PBXGroup;
			children = (
				49B2AC1E21B51818BCEBF944 /* Pods-Twitter.debug.xcconfig */,
				3B4CCB777A657B33B55F2481 /* Pods-Twitter.release.xcconfig */,
			);
			path = Pods;
			sourceTree = "<group>";
		};
		7B5ECD722538A5AD007A4A77 /* Authentication */ = {
			isa = PBXGroup;
			children = (
				7B5ECD732538A5D0007A4A77 /* LoginController.swift */,
				7B5ECD762538A665007A4A77 /* RegistrationController.swift */,
			);
			path = Authentication;
			sourceTree = "<group>";
		};
		7BD55ABB2537460C000A6C96 = {
			isa = PBXGroup;
			children = (
				7BD55AC62537460C000A6C96 /* Twitter */,
				7BD55AC52537460C000A6C96 /* Products */,
				673C85F6A592AFCDD5F7382D /* Pods */,
				98749E34A657BBBB5689413C /* Frameworks */,
			);
			sourceTree = "<group>";
		};
		7BD55AC52537460C000A6C96 /* Products */ = {
			isa = PBXGroup;
			children = (
				7BD55AC42537460C000A6C96 /* Twitter.app */,
			);
			name = Products;
			sourceTree = "<group>";
		};
		7BD55AC62537460C000A6C96 /* Twitter */ = {
			isa = PBXGroup;
			children = (
				7BD55AE12537478F000A6C96 /* Model */,
				7BD55AE02537478D000A6C96 /* View */,
				7BD55ADF2537478A000A6C96 /* ViewModels */,
				7BD55ADE25374788000A6C96 /* Controller */,
				7BD55ADD25374784000A6C96 /* API */,
				7BD55ADC2537476D000A6C96 /* Utils */,
				7BD55AC72537460C000A6C96 /* AppDelegate.swift */,
				7BD55AC92537460C000A6C96 /* SceneDelegate.swift */,
				7BD55ACD2537460C000A6C96 /* Main.storyboard */,
				7BD55AD02537460D000A6C96 /* Assets.xcassets */,
				7BD55AD22537460D000A6C96 /* LaunchScreen.storyboard */,
				7B878C722539A969009A250A /* GoogleService-Info.plist */,
				7BD55AD52537460D000A6C96 /* Info.plist */,
			);
			path = Twitter;
			sourceTree = "<group>";
		};
		7BD55ADC2537476D000A6C96 /* Utils */ = {
			isa = PBXGroup;
			children = (
				7BD55AF325375791000A6C96 /* Extensions.swift */,
				7B5ECD792538B049007A4A77 /* Utilities.swift */,
				7B7B2BC32539C22D00743E1C /* Constants.swift */,
			);
			path = Utils;
			sourceTree = "<group>";
		};
		7BD55ADD25374784000A6C96 /* API */ = {
			isa = PBXGroup;
			children = (
				7BE85BB02539EE53008E0BB0 /* AuthService.swift */,
				7BE85BB3253A2F1C008E0BB0 /* UserService.swift */,
				7BB0D67D253C6B5600E21414 /* TweetService.swift */,
			);
			path = API;
			sourceTree = "<group>";
		};
		7BD55ADE25374788000A6C96 /* Controller */ = {
			isa = PBXGroup;
			children = (
				7B5ECD722538A5AD007A4A77 /* Authentication */,
				7BD55AE425374931000A6C96 /* MainTabController.swift */,
				7BD55AE725374BF5000A6C96 /* FeedController.swift */,
				7BD55AEA25374C6A000A6C96 /* ExploreController.swift */,
				7BD55AED25374C84000A6C96 /* NotificationsController.swift */,
				7BD55AF025374C93000A6C96 /* ConversationController.swift */,
				7BB0D677253B64F600E21414 /* UploadTweetController.swift */,
				7BA08762253DA252009049A5 /* ProfileController.swift */,
				7B82A2FE25403C2D006A0214 /* TweetController.swift */,
			);
			path = Controller;
			sourceTree = "<group>";
		};
		7BD55ADF2537478A000A6C96 /* ViewModels */ = {
			isa = PBXGroup;
			children = (
				7BB0D686253CD6AF00E21414 /* TweetViewModel.swift */,
				7BA0876F253E04D8009049A5 /* ProfileHeaderViewModel.swift */,
				7B82A3042540A1F6006A0214 /* UploadTweetViewModel.swift */,
			);
			path = ViewModels;
			sourceTree = "<group>";
		};
		7BD55AE02537478D000A6C96 /* View */ = {
			isa = PBXGroup;
			children = (
				7BB0D67A253C611000E21414 /* CaptionTextView.swift */,
				7BB0D683253CA92B00E21414 /* TweetCell.swift */,
				7BA08766253DE858009049A5 /* ProfileHeader.swift */,
				7BA08769253DF773009049A5 /* ProfileFilterView.swift */,
				7BA0876C253DF9B4009049A5 /* ProfileFilterCell.swift */,
				7B58FF37253F0D7600FCBCF2 /* UserCell.swift */,
				7B82A30125403FB7006A0214 /* TweetHeader.swift */,
			);
			path = View;
			sourceTree = "<group>";
		};
		7BD55AE12537478F000A6C96 /* Model */ = {
			isa = PBXGroup;
			children = (
				7BE85BB6253A341C008E0BB0 /* User.swift */,
				7BB0D680253C9F2200E21414 /* Tweet.swift */,
			);
			path = Model;
			sourceTree = "<group>";
		};
		98749E34A657BBBB5689413C /* Frameworks */ = {
			isa = PBXGroup;
			children = (
				8ECA1EC0A9F15B96008FC43D /* Pods_Twitter.framework */,
			);
			name = Frameworks;
			sourceTree = "<group>";
		};
/* End PBXGroup section */

/* Begin PBXNativeTarget section */
		7BD55AC32537460C000A6C96 /* Twitter */ = {
			isa = PBXNativeTarget;
			buildConfigurationList = 7BD55AD82537460D000A6C96 /* Build configuration list for PBXNativeTarget "Twitter" */;
			buildPhases = (
				CEEE1F585AE87B54CEF0303D /* [CP] Check Pods Manifest.lock */,
				7BD55AC02537460C000A6C96 /* Sources */,
				7BD55AC12537460C000A6C96 /* Frameworks */,
				7BD55AC22537460C000A6C96 /* Resources */,
				ADF0BBFE03D75A17F9BA64A3 /* [CP] Embed Pods Frameworks */,
			);
			buildRules = (
			);
			dependencies = (
			);
			name = Twitter;
			productName = Twitter;
			productReference = 7BD55AC42537460C000A6C96 /* Twitter.app */;
			productType = "com.apple.product-type.application";
		};
/* End PBXNativeTarget section */

/* Begin PBXProject section */
		7BD55ABC2537460C000A6C96 /* Project object */ = {
			isa = PBXProject;
			attributes = {
				LastSwiftUpdateCheck = 1200;
				LastUpgradeCheck = 1200;
				TargetAttributes = {
					7BD55AC32537460C000A6C96 = {
						CreatedOnToolsVersion = 12.0.1;
					};
				};
			};
			buildConfigurationList = 7BD55ABF2537460C000A6C96 /* Build configuration list for PBXProject "Twitter" */;
			compatibilityVersion = "Xcode 9.3";
			developmentRegion = en;
			hasScannedForEncodings = 0;
			knownRegions = (
				en,
				Base,
			);
			mainGroup = 7BD55ABB2537460C000A6C96;
			productRefGroup = 7BD55AC52537460C000A6C96 /* Products */;
			projectDirPath = "";
			projectRoot = "";
			targets = (
				7BD55AC32537460C000A6C96 /* Twitter */,
			);
		};
/* End PBXProject section */

/* Begin PBXResourcesBuildPhase section */
		7BD55AC22537460C000A6C96 /* Resources */ = {
			isa = PBXResourcesBuildPhase;
			buildActionMask = 2147483647;
			files = (
				7BD55AD42537460D000A6C96 /* LaunchScreen.storyboard in Resources */,
				7B878C732539A969009A250A /* GoogleService-Info.plist in Resources */,
				7BD55AD12537460D000A6C96 /* Assets.xcassets in Resources */,
				7BD55ACF2537460C000A6C96 /* Main.storyboard in Resources */,
			);
			runOnlyForDeploymentPostprocessing = 0;
		};
/* End PBXResourcesBuildPhase section */

/* Begin PBXShellScriptBuildPhase section */
		ADF0BBFE03D75A17F9BA64A3 /* [CP] Embed Pods Frameworks */ = {
			isa = PBXShellScriptBuildPhase;
			buildActionMask = 2147483647;
			files = (
			);
			inputFileListPaths = (
				"${PODS_ROOT}/Target Support Files/Pods-Twitter/Pods-Twitter-frameworks-${CONFIGURATION}-input-files.xcfilelist",
			);
			name = "[CP] Embed Pods Frameworks";
			outputFileListPaths = (
				"${PODS_ROOT}/Target Support Files/Pods-Twitter/Pods-Twitter-frameworks-${CONFIGURATION}-output-files.xcfilelist",
			);
			runOnlyForDeploymentPostprocessing = 0;
			shellPath = /bin/sh;
			shellScript = "\"${PODS_ROOT}/Target Support Files/Pods-Twitter/Pods-Twitter-frameworks.sh\"\n";
			showEnvVarsInLog = 0;
		};
		CEEE1F585AE87B54CEF0303D /* [CP] Check Pods Manifest.lock */ = {
			isa = PBXShellScriptBuildPhase;
			buildActionMask = 2147483647;
			files = (
			);
			inputFileListPaths = (
			);
			inputPaths = (
				"${PODS_PODFILE_DIR_PATH}/Podfile.lock",
				"${PODS_ROOT}/Manifest.lock",
			);
			name = "[CP] Check Pods Manifest.lock";
			outputFileListPaths = (
			);
			outputPaths = (
				"$(DERIVED_FILE_DIR)/Pods-Twitter-checkManifestLockResult.txt",
			);
			runOnlyForDeploymentPostprocessing = 0;
			shellPath = /bin/sh;
			shellScript = "diff \"${PODS_PODFILE_DIR_PATH}/Podfile.lock\" \"${PODS_ROOT}/Manifest.lock\" > /dev/null\nif [ $? != 0 ] ; then\n    # print error to STDERR\n    echo \"error: The sandbox is not in sync with the Podfile.lock. Run 'pod install' or update your CocoaPods installation.\" >&2\n    exit 1\nfi\n# This output is used by Xcode 'outputs' to avoid re-running this script phase.\necho \"SUCCESS\" > \"${SCRIPT_OUTPUT_FILE_0}\"\n";
			showEnvVarsInLog = 0;
		};
/* End PBXShellScriptBuildPhase section */

/* Begin PBXSourcesBuildPhase section */
		7BD55AC02537460C000A6C96 /* Sources */ = {
			isa = PBXSourcesBuildPhase;
			buildActionMask = 2147483647;
			files = (
				7BE85BB4253A2F1C008E0BB0 /* UserService.swift in Sources */,
				7BD55AEE25374C84000A6C96 /* NotificationsController.swift in Sources */,
				7BB0D67B253C611000E21414 /* CaptionTextView.swift in Sources */,
				7BA0876D253DF9B4009049A5 /* ProfileFilterCell.swift in Sources */,
				7BD55AC82537460C000A6C96 /* AppDelegate.swift in Sources */,
				7B58FF38253F0D7600FCBCF2 /* UserCell.swift in Sources */,
				7B5ECD7A2538B049007A4A77 /* Utilities.swift in Sources */,
				7BD55AEB25374C6A000A6C96 /* ExploreController.swift in Sources */,
				7BD55AF425375791000A6C96 /* Extensions.swift in Sources */,
				7B82A2FF25403C2D006A0214 /* TweetController.swift in Sources */,
				7BA08763253DA252009049A5 /* ProfileController.swift in Sources */,
				7B82A3052540A1F6006A0214 /* UploadTweetViewModel.swift in Sources */,
				7BA08767253DE858009049A5 /* ProfileHeader.swift in Sources */,
				7BB0D684253CA92B00E21414 /* TweetCell.swift in Sources */,
				7B5ECD742538A5D0007A4A77 /* LoginController.swift in Sources */,
				7BE85BB12539EE53008E0BB0 /* AuthService.swift in Sources */,
				7BA08770253E04D8009049A5 /* ProfileHeaderViewModel.swift in Sources */,
				7BB0D678253B64F600E21414 /* UploadTweetController.swift in Sources */,
				7BE85BB7253A341C008E0BB0 /* User.swift in Sources */,
				7BD55ACA2537460C000A6C96 /* SceneDelegate.swift in Sources */,
				7BD55AE525374931000A6C96 /* MainTabController.swift in Sources */,
				7BD55AF125374C93000A6C96 /* ConversationController.swift in Sources */,
				7B82A30225403FB7006A0214 /* TweetHeader.swift in Sources */,
				7BB0D687253CD6AF00E21414 /* TweetViewModel.swift in Sources */,
				7B5ECD772538A665007A4A77 /* RegistrationController.swift in Sources */,
				7BD55AE825374BF5000A6C96 /* FeedController.swift in Sources */,
				7BA0876A253DF773009049A5 /* ProfileFilterView.swift in Sources */,
				7B7B2BC42539C22D00743E1C /* Constants.swift in Sources */,
				7BB0D681253C9F2200E21414 /* Tweet.swift in Sources */,
				7BB0D67E253C6B5600E21414 /* TweetService.swift in Sources */,
			);
			runOnlyForDeploymentPostprocessing = 0;
		};
/* End PBXSourcesBuildPhase section */

/* Begin PBXVariantGroup section */
		7BD55ACD2537460C000A6C96 /* Main.storyboard */ = {
			isa = PBXVariantGroup;
			children = (
				7BD55ACE2537460C000A6C96 /* Base */,
			);
			name = Main.storyboard;
			sourceTree = "<group>";
		};
		7BD55AD22537460D000A6C96 /* LaunchScreen.storyboard */ = {
			isa = PBXVariantGroup;
			children = (
				7BD55AD32537460D000A6C96 /* Base */,
			);
			name = LaunchScreen.storyboard;
			sourceTree = "<group>";
		};
/* End PBXVariantGroup section */

/* Begin XCBuildConfiguration section */
		7BD55AD62537460D000A6C96 /* Debug */ = {
			isa = XCBuildConfiguration;
			buildSettings = {
				ALWAYS_SEARCH_USER_PATHS = NO;
				CLANG_ANALYZER_NONNULL = YES;
				CLANG_ANALYZER_NUMBER_OBJECT_CONVERSION = YES_AGGRESSIVE;
				CLANG_CXX_LANGUAGE_STANDARD = "gnu++14";
				CLANG_CXX_LIBRARY = "libc++";
				CLANG_ENABLE_MODULES = YES;
				CLANG_ENABLE_OBJC_ARC = YES;
				CLANG_ENABLE_OBJC_WEAK = YES;
				CLANG_WARN_BLOCK_CAPTURE_AUTORELEASING = YES;
				CLANG_WARN_BOOL_CONVERSION = YES;
				CLANG_WARN_COMMA = YES;
				CLANG_WARN_CONSTANT_CONVERSION = YES;
				CLANG_WARN_DEPRECATED_OBJC_IMPLEMENTATIONS = YES;
				CLANG_WARN_DIRECT_OBJC_ISA_USAGE = YES_ERROR;
				CLANG_WARN_DOCUMENTATION_COMMENTS = YES;
				CLANG_WARN_EMPTY_BODY = YES;
				CLANG_WARN_ENUM_CONVERSION = YES;
				CLANG_WARN_INFINITE_RECURSION = YES;
				CLANG_WARN_INT_CONVERSION = YES;
				CLANG_WARN_NON_LITERAL_NULL_CONVERSION = YES;
				CLANG_WARN_OBJC_IMPLICIT_RETAIN_SELF = YES;
				CLANG_WARN_OBJC_LITERAL_CONVERSION = YES;
				CLANG_WARN_OBJC_ROOT_CLASS = YES_ERROR;
				CLANG_WARN_QUOTED_INCLUDE_IN_FRAMEWORK_HEADER = YES;
				CLANG_WARN_RANGE_LOOP_ANALYSIS = YES;
				CLANG_WARN_STRICT_PROTOTYPES = YES;
				CLANG_WARN_SUSPICIOUS_MOVE = YES;
				CLANG_WARN_UNGUARDED_AVAILABILITY = YES_AGGRESSIVE;
				CLANG_WARN_UNREACHABLE_CODE = YES;
				CLANG_WARN__DUPLICATE_METHOD_MATCH = YES;
				COPY_PHASE_STRIP = NO;
				DEBUG_INFORMATION_FORMAT = dwarf;
				ENABLE_STRICT_OBJC_MSGSEND = YES;
				ENABLE_TESTABILITY = YES;
				GCC_C_LANGUAGE_STANDARD = gnu11;
				GCC_DYNAMIC_NO_PIC = NO;
				GCC_NO_COMMON_BLOCKS = YES;
				GCC_OPTIMIZATION_LEVEL = 0;
				GCC_PREPROCESSOR_DEFINITIONS = (
					"DEBUG=1",
					"$(inherited)",
				);
				GCC_WARN_64_TO_32_BIT_CONVERSION = YES;
				GCC_WARN_ABOUT_RETURN_TYPE = YES_ERROR;
				GCC_WARN_UNDECLARED_SELECTOR = YES;
				GCC_WARN_UNINITIALIZED_AUTOS = YES_AGGRESSIVE;
				GCC_WARN_UNUSED_FUNCTION = YES;
				GCC_WARN_UNUSED_VARIABLE = YES;
				IPHONEOS_DEPLOYMENT_TARGET = 14.0;
				MTL_ENABLE_DEBUG_INFO = INCLUDE_SOURCE;
				MTL_FAST_MATH = YES;
				ONLY_ACTIVE_ARCH = YES;
				SDKROOT = iphoneos;
				SWIFT_ACTIVE_COMPILATION_CONDITIONS = DEBUG;
				SWIFT_OPTIMIZATION_LEVEL = "-Onone";
			};
			name = Debug;
		};
		7BD55AD72537460D000A6C96 /* Release */ = {
			isa = XCBuildConfiguration;
			buildSettings = {
				ALWAYS_SEARCH_USER_PATHS = NO;
				CLANG_ANALYZER_NONNULL = YES;
				CLANG_ANALYZER_NUMBER_OBJECT_CONVERSION = YES_AGGRESSIVE;
				CLANG_CXX_LANGUAGE_STANDARD = "gnu++14";
				CLANG_CXX_LIBRARY = "libc++";
				CLANG_ENABLE_MODULES = YES;
				CLANG_ENABLE_OBJC_ARC = YES;
				CLANG_ENABLE_OBJC_WEAK = YES;
				CLANG_WARN_BLOCK_CAPTURE_AUTORELEASING = YES;
				CLANG_WARN_BOOL_CONVERSION = YES;
				CLANG_WARN_COMMA = YES;
				CLANG_WARN_CONSTANT_CONVERSION = YES;
				CLANG_WARN_DEPRECATED_OBJC_IMPLEMENTATIONS = YES;
				CLANG_WARN_DIRECT_OBJC_ISA_USAGE = YES_ERROR;
				CLANG_WARN_DOCUMENTATION_COMMENTS = YES;
				CLANG_WARN_EMPTY_BODY = YES;
				CLANG_WARN_ENUM_CONVERSION = YES;
				CLANG_WARN_INFINITE_RECURSION = YES;
				CLANG_WARN_INT_CONVERSION = YES;
				CLANG_WARN_NON_LITERAL_NULL_CONVERSION = YES;
				CLANG_WARN_OBJC_IMPLICIT_RETAIN_SELF = YES;
				CLANG_WARN_OBJC_LITERAL_CONVERSION = YES;
				CLANG_WARN_OBJC_ROOT_CLASS = YES_ERROR;
				CLANG_WARN_QUOTED_INCLUDE_IN_FRAMEWORK_HEADER = YES;
				CLANG_WARN_RANGE_LOOP_ANALYSIS = YES;
				CLANG_WARN_STRICT_PROTOTYPES = YES;
				CLANG_WARN_SUSPICIOUS_MOVE = YES;
				CLANG_WARN_UNGUARDED_AVAILABILITY = YES_AGGRESSIVE;
				CLANG_WARN_UNREACHABLE_CODE = YES;
				CLANG_WARN__DUPLICATE_METHOD_MATCH = YES;
				COPY_PHASE_STRIP = NO;
				DEBUG_INFORMATION_FORMAT = "dwarf-with-dsym";
				ENABLE_NS_ASSERTIONS = NO;
				ENABLE_STRICT_OBJC_MSGSEND = YES;
				GCC_C_LANGUAGE_STANDARD = gnu11;
				GCC_NO_COMMON_BLOCKS = YES;
				GCC_WARN_64_TO_32_BIT_CONVERSION = YES;
				GCC_WARN_ABOUT_RETURN_TYPE = YES_ERROR;
				GCC_WARN_UNDECLARED_SELECTOR = YES;
				GCC_WARN_UNINITIALIZED_AUTOS = YES_AGGRESSIVE;
				GCC_WARN_UNUSED_FUNCTION = YES;
				GCC_WARN_UNUSED_VARIABLE = YES;
				IPHONEOS_DEPLOYMENT_TARGET = 14.0;
				MTL_ENABLE_DEBUG_INFO = NO;
				MTL_FAST_MATH = YES;
				SDKROOT = iphoneos;
				SWIFT_COMPILATION_MODE = wholemodule;
				SWIFT_OPTIMIZATION_LEVEL = "-O";
				VALIDATE_PRODUCT = YES;
			};
			name = Release;
		};
		7BD55AD92537460D000A6C96 /* Debug */ = {
			isa = XCBuildConfiguration;
			baseConfigurationReference = 49B2AC1E21B51818BCEBF944 /* Pods-Twitter.debug.xcconfig */;
			buildSettings = {
				ASSETCATALOG_COMPILER_APPICON_NAME = AppIcon;
				ASSETCATALOG_COMPILER_GLOBAL_ACCENT_COLOR_NAME = AccentColor;
				CODE_SIGN_STYLE = Automatic;
				DEVELOPMENT_TEAM = H6A2F4D638;
				INFOPLIST_FILE = Twitter/Info.plist;
				LD_RUNPATH_SEARCH_PATHS = (
					"$(inherited)",
					"@executable_path/Frameworks",
				);
				PRODUCT_BUNDLE_IDENTIFIER = "Stanislav-Starovoytov.Twitter";
				PRODUCT_NAME = "$(TARGET_NAME)";
				SWIFT_VERSION = 5.0;
				TARGETED_DEVICE_FAMILY = "1,2";
			};
			name = Debug;
		};
		7BD55ADA2537460D000A6C96 /* Release */ = {
			isa = XCBuildConfiguration;
			baseConfigurationReference = 3B4CCB777A657B33B55F2481 /* Pods-Twitter.release.xcconfig */;
			buildSettings = {
				ASSETCATALOG_COMPILER_APPICON_NAME = AppIcon;
				ASSETCATALOG_COMPILER_GLOBAL_ACCENT_COLOR_NAME = AccentColor;
				CODE_SIGN_STYLE = Automatic;
				DEVELOPMENT_TEAM = H6A2F4D638;
				INFOPLIST_FILE = Twitter/Info.plist;
				LD_RUNPATH_SEARCH_PATHS = (
					"$(inherited)",
					"@executable_path/Frameworks",
				);
				PRODUCT_BUNDLE_IDENTIFIER = "Stanislav-Starovoytov.Twitter";
				PRODUCT_NAME = "$(TARGET_NAME)";
				SWIFT_VERSION = 5.0;
				TARGETED_DEVICE_FAMILY = "1,2";
			};
			name = Release;
		};
/* End XCBuildConfiguration section */

/* Begin XCConfigurationList section */
		7BD55ABF2537460C000A6C96 /* Build configuration list for PBXProject "Twitter" */ = {
			isa = XCConfigurationList;
			buildConfigurations = (
				7BD55AD62537460D000A6C96 /* Debug */,
				7BD55AD72537460D000A6C96 /* Release */,
			);
			defaultConfigurationIsVisible = 0;
			defaultConfigurationName = Release;
		};
		7BD55AD82537460D000A6C96 /* Build configuration list for PBXNativeTarget "Twitter" */ = {
			isa = XCConfigurationList;
			buildConfigurations = (
				7BD55AD92537460D000A6C96 /* Debug */,
				7BD55ADA2537460D000A6C96 /* Release */,
			);
			defaultConfigurationIsVisible = 0;
			defaultConfigurationName = Release;
		};
/* End XCConfigurationList section */
	};
	rootObject = 7BD55ABC2537460C000A6C96 /* Project object */;
}
