// !$*UTF8*$!
{
	archiveVersion = 1;
	classes = {
	};
	objectVersion = 50;
	objects = {

/* Begin PBXBuildFile section */
		7BD55AC82537460C000A6C96 /* AppDelegate.swift in Sources */ = {isa = PBXBuildFile; fileRef = 7BD55AC72537460C000A6C96 /* AppDelegate.swift */; };
		7BD55ACA2537460C000A6C96 /* SceneDelegate.swift in Sources */ = {isa = PBXBuildFile; fileRef = 7BD55AC92537460C000A6C96 /* SceneDelegate.swift */; };
		7BD55ACF2537460C000A6C96 /* Main.storyboard in Resources */ = {isa = PBXBuildFile; fileRef = 7BD55ACD2537460C000A6C96 /* Main.storyboard */; };
		7BD55AD12537460D000A6C96 /* Assets.xcassets in Resources */ = {isa = PBXBuildFile; fileRef = 7BD55AD02537460D000A6C96 /* Assets.xcassets */; };
		7BD55AD42537460D000A6C96 /* LaunchScreen.storyboard in Resources */ = {isa = PBXBuildFile; fileRef = 7BD55AD22537460D000A6C96 /* LaunchScreen.storyboard */; };
		7BD55AE525374931000A6C96 /* MainTabController.swift in Sources */ = {isa = PBXBuildFile; fileRef = 7BD55AE425374931000A6C96 /* MainTabController.swift */; };
		7BD55AE825374BF5000A6C96 /* FeedController.swift in Sources */ = {isa = PBXBuildFile; fileRef = 7BD55AE725374BF5000A6C96 /* FeedController.swift */; };
		7BD55AEB25374C6A000A6C96 /* ExploreController.swift in Sources */ = {isa = PBXBuildFile; fileRef = 7BD55AEA25374C6A000A6C96 /* ExploreController.swift */; };
		7BD55AEE25374C84000A6C96 /* NotificationsController.swift in Sources */ = {isa = PBXBuildFile; fileRef = 7BD55AED25374C84000A6C96 /* NotificationsController.swift */; };
		7BD55AF125374C93000A6C96 /* ConversationController.swift in Sources */ = {isa = PBXBuildFile; fileRef = 7BD55AF025374C93000A6C96 /* ConversationController.swift */; };
		7BD55AF425375791000A6C96 /* Extensions.swift in Sources */ = {isa = PBXBuildFile; fileRef = 7BD55AF325375791000A6C96 /* Extensions.swift */; };
/* End PBXBuildFile section */

/* Begin PBXFileReference section */
		7BD55AC42537460C000A6C96 /* Twitter.app */ = {isa = PBXFileReference; explicitFileType = wrapper.application; includeInIndex = 0; path = Twitter.app; sourceTree = BUILT_PRODUCTS_DIR; };
		7BD55AC72537460C000A6C96 /* AppDelegate.swift */ = {isa = PBXFileReference; lastKnownFileType = sourcecode.swift; path = AppDelegate.swift; sourceTree = "<group>"; };
		7BD55AC92537460C000A6C96 /* SceneDelegate.swift */ = {isa = PBXFileReference; lastKnownFileType = sourcecode.swift; path = SceneDelegate.swift; sourceTree = "<group>"; };
		7BD55ACE2537460C000A6C96 /* Base */ = {isa = PBXFileReference; lastKnownFileType = file.storyboard; name = Base; path = Base.lproj/Main.storyboard; sourceTree = "<group>"; };
		7BD55AD02537460D000A6C96 /* Assets.xcassets */ = {isa = PBXFileReference; lastKnownFileType = folder.assetcatalog; path = Assets.xcassets; sourceTree = "<group>"; };
		7BD55AD32537460D000A6C96 /* Base */ = {isa = PBXFileReference; lastKnownFileType = file.storyboard; name = Base; path = Base.lproj/LaunchScreen.storyboard; sourceTree = "<group>"; };
		7BD55AD52537460D000A6C96 /* Info.plist */ = {isa = PBXFileReference; lastKnownFileType = text.plist.xml; path = Info.plist; sourceTree = "<group>"; };
		7BD55AE425374931000A6C96 /* MainTabController.swift */ = {isa = PBXFileReference; lastKnownFileType = sourcecode.swift; path = MainTabController.swift; sourceTree = "<group>"; };
		7BD55AE725374BF5000A6C96 /* FeedController.swift */ = {isa = PBXFileReference; lastKnownFileType = sourcecode.swift; path = FeedController.swift; sourceTree = "<group>"; };
		7BD55AEA25374C6A000A6C96 /* ExploreController.swift */ = {isa = PBXFileReference; lastKnownFileType = sourcecode.swift; path = ExploreController.swift; sourceTree = "<group>"; };
		7BD55AED25374C84000A6C96 /* NotificationsController.swift */ = {isa = PBXFileReference; lastKnownFileType = sourcecode.swift; path = NotificationsController.swift; sourceTree = "<group>"; };
		7BD55AF025374C93000A6C96 /* ConversationController.swift */ = {isa = PBXFileReference; lastKnownFileType = sourcecode.swift; path = ConversationController.swift; sourceTree = "<group>"; };
		7BD55AF325375791000A6C96 /* Extensions.swift */ = {isa = PBXFileReference; lastKnownFileType = sourcecode.swift; path = Extensions.swift; sourceTree = "<group>"; };
/* End PBXFileReference section */

/* Begin PBXFrameworksBuildPhase section */
		7BD55AC12537460C000A6C96 /* Frameworks */ = {
			isa = PBXFrameworksBuildPhase;
			buildActionMask = 2147483647;
			files = (
			);
			runOnlyForDeploymentPostprocessing = 0;
		};
/* End PBXFrameworksBuildPhase section */

/* Begin PBXGroup section */
		7BD55ABB2537460C000A6C96 = {
			isa = PBXGroup;
			children = (
				7BD55AC62537460C000A6C96 /* Twitter */,
				7BD55AC52537460C000A6C96 /* Products */,
			);
			sourceTree = "<group>";
		};
		7BD55AC52537460C000A6C96 /* Products */ = {
			isa = PBXGroup;
			children = (
				7BD55AC42537460C000A6C96 /* Twitter.app */,
			);
			name = Products;
			sourceTree = "<group>";
		};
		7BD55AC62537460C000A6C96 /* Twitter */ = {
			isa = PBXGroup;
			children = (
				7BD55AE12537478F000A6C96 /* Model */,
				7BD55AE02537478D000A6C96 /* View */,
				7BD55ADF2537478A000A6C96 /* ViewModels */,
				7BD55ADE25374788000A6C96 /* Controller */,
				7BD55ADD25374784000A6C96 /* API */,
				7BD55ADC2537476D000A6C96 /* Utils */,
				7BD55AC72537460C000A6C96 /* AppDelegate.swift */,
				7BD55AC92537460C000A6C96 /* SceneDelegate.swift */,
				7BD55ACD2537460C000A6C96 /* Main.storyboard */,
				7BD55AD02537460D000A6C96 /* Assets.xcassets */,
				7BD55AD22537460D000A6C96 /* LaunchScreen.storyboard */,
				7BD55AD52537460D000A6C96 /* Info.plist */,
			);
			path = Twitter;
			sourceTree = "<group>";
		};
		7BD55ADC2537476D000A6C96 /* Utils */ = {
			isa = PBXGroup;
			children = (
				7BD55AF325375791000A6C96 /* Extensions.swift */,
			);
			path = Utils;
			sourceTree = "<group>";
		};
		7BD55ADD25374784000A6C96 /* API */ = {
			isa = PBXGroup;
			children = (
			);
			path = API;
			sourceTree = "<group>";
		};
		7BD55ADE25374788000A6C96 /* Controller */ = {
			isa = PBXGroup;
			children = (
				7BD55AE425374931000A6C96 /* MainTabController.swift */,
				7BD55AE725374BF5000A6C96 /* FeedController.swift */,
				7BD55AEA25374C6A000A6C96 /* ExploreController.swift */,
				7BD55AED25374C84000A6C96 /* NotificationsController.swift */,
				7BD55AF025374C93000A6C96 /* ConversationController.swift */,
			);
			path = Controller;
			sourceTree = "<group>";
		};
		7BD55ADF2537478A000A6C96 /* ViewModels */ = {
			isa = PBXGroup;
			children = (
			);
			path = ViewModels;
			sourceTree = "<group>";
		};
		7BD55AE02537478D000A6C96 /* View */ = {
			isa = PBXGroup;
			children = (
			);
			path = View;
			sourceTree = "<group>";
		};
		7BD55AE12537478F000A6C96 /* Model */ = {
			isa = PBXGroup;
			children = (
			);
			path = Model;
			sourceTree = "<group>";
		};
/* End PBXGroup section */

/* Begin PBXNativeTarget section */
		7BD55AC32537460C000A6C96 /* Twitter */ = {
			isa = PBXNativeTarget;
			buildConfigurationList = 7BD55AD82537460D000A6C96 /* Build configuration list for PBXNativeTarget "Twitter" */;
			buildPhases = (
				7BD55AC02537460C000A6C96 /* Sources */,
				7BD55AC12537460C000A6C96 /* Frameworks */,
				7BD55AC22537460C000A6C96 /* Resources */,
			);
			buildRules = (
			);
			dependencies = (
			);
			name = Twitter;
			productName = Twitter;
			productReference = 7BD55AC42537460C000A6C96 /* Twitter.app */;
			productType = "com.apple.product-type.application";
		};
/* End PBXNativeTarget section */

/* Begin PBXProject section */
		7BD55ABC2537460C000A6C96 /* Project object */ = {
			isa = PBXProject;
			attributes = {
				LastSwiftUpdateCheck = 1200;
				LastUpgradeCheck = 1200;
				TargetAttributes = {
					7BD55AC32537460C000A6C96 = {
						CreatedOnToolsVersion = 12.0.1;
					};
				};
			};
			buildConfigurationList = 7BD55ABF2537460C000A6C96 /* Build configuration list for PBXProject "Twitter" */;
			compatibilityVersion = "Xcode 9.3";
			developmentRegion = en;
			hasScannedForEncodings = 0;
			knownRegions = (
				en,
				Base,
			);
			mainGroup = 7BD55ABB2537460C000A6C96;
			productRefGroup = 7BD55AC52537460C000A6C96 /* Products */;
			projectDirPath = "";
			projectRoot = "";
			targets = (
				7BD55AC32537460C000A6C96 /* Twitter */,
			);
		};
/* End PBXProject section */

/* Begin PBXResourcesBuildPhase section */
		7BD55AC22537460C000A6C96 /* Resources */ = {
			isa = PBXResourcesBuildPhase;
			buildActionMask = 2147483647;
			files = (
				7BD55AD42537460D000A6C96 /* LaunchScreen.storyboard in Resources */,
				7BD55AD12537460D000A6C96 /* Assets.xcassets in Resources */,
				7BD55ACF2537460C000A6C96 /* Main.storyboard in Resources */,
			);
			runOnlyForDeploymentPostprocessing = 0;
		};
/* End PBXResourcesBuildPhase section */

/* Begin PBXSourcesBuildPhase section */
		7BD55AC02537460C000A6C96 /* Sources */ = {
			isa = PBXSourcesBuildPhase;
			buildActionMask = 2147483647;
			files = (
				7BD55AEE25374C84000A6C96 /* NotificationsController.swift in Sources */,
				7BD55AC82537460C000A6C96 /* AppDelegate.swift in Sources */,
				7BD55AEB25374C6A000A6C96 /* ExploreController.swift in Sources */,
				7BD55AF425375791000A6C96 /* Extensions.swift in Sources */,
				7BD55ACA2537460C000A6C96 /* SceneDelegate.swift in Sources */,
				7BD55AE525374931000A6C96 /* MainTabController.swift in Sources */,
				7BD55AF125374C93000A6C96 /* ConversationController.swift in Sources */,
				7BD55AE825374BF5000A6C96 /* FeedController.swift in Sources */,
			);
			runOnlyForDeploymentPostprocessing = 0;
		};
/* End PBXSourcesBuildPhase section */

/* Begin PBXVariantGroup section */
		7BD55ACD2537460C000A6C96 /* Main.storyboard */ = {
			isa = PBXVariantGroup;
			children = (
				7BD55ACE2537460C000A6C96 /* Base */,
			);
			name = Main.storyboard;
			sourceTree = "<group>";
		};
		7BD55AD22537460D000A6C96 /* LaunchScreen.storyboard */ = {
			isa = PBXVariantGroup;
			children = (
				7BD55AD32537460D000A6C96 /* Base */,
			);
			name = LaunchScreen.storyboard;
			sourceTree = "<group>";
		};
/* End PBXVariantGroup section */

/* Begin XCBuildConfiguration section */
		7BD55AD62537460D000A6C96 /* Debug */ = {
			isa = XCBuildConfiguration;
			buildSettings = {
				ALWAYS_SEARCH_USER_PATHS = NO;
				CLANG_ANALYZER_NONNULL = YES;
				CLANG_ANALYZER_NUMBER_OBJECT_CONVERSION = YES_AGGRESSIVE;
				CLANG_CXX_LANGUAGE_STANDARD = "gnu++14";
				CLANG_CXX_LIBRARY = "libc++";
				CLANG_ENABLE_MODULES = YES;
				CLANG_ENABLE_OBJC_ARC = YES;
				CLANG_ENABLE_OBJC_WEAK = YES;
				CLANG_WARN_BLOCK_CAPTURE_AUTORELEASING = YES;
				CLANG_WARN_BOOL_CONVERSION = YES;
				CLANG_WARN_COMMA = YES;
				CLANG_WARN_CONSTANT_CONVERSION = YES;
				CLANG_WARN_DEPRECATED_OBJC_IMPLEMENTATIONS = YES;
				CLANG_WARN_DIRECT_OBJC_ISA_USAGE = YES_ERROR;
				CLANG_WARN_DOCUMENTATION_COMMENTS = YES;
				CLANG_WARN_EMPTY_BODY = YES;
				CLANG_WARN_ENUM_CONVERSION = YES;
				CLANG_WARN_INFINITE_RECURSION = YES;
				CLANG_WARN_INT_CONVERSION = YES;
				CLANG_WARN_NON_LITERAL_NULL_CONVERSION = YES;
				CLANG_WARN_OBJC_IMPLICIT_RETAIN_SELF = YES;
				CLANG_WARN_OBJC_LITERAL_CONVERSION = YES;
				CLANG_WARN_OBJC_ROOT_CLASS = YES_ERROR;
				CLANG_WARN_QUOTED_INCLUDE_IN_FRAMEWORK_HEADER = YES;
				CLANG_WARN_RANGE_LOOP_ANALYSIS = YES;
				CLANG_WARN_STRICT_PROTOTYPES = YES;
				CLANG_WARN_SUSPICIOUS_MOVE = YES;
				CLANG_WARN_UNGUARDED_AVAILABILITY = YES_AGGRESSIVE;
				CLANG_WARN_UNREACHABLE_CODE = YES;
				CLANG_WARN__DUPLICATE_METHOD_MATCH = YES;
				COPY_PHASE_STRIP = NO;
				DEBUG_INFORMATION_FORMAT = dwarf;
				ENABLE_STRICT_OBJC_MSGSEND = YES;
				ENABLE_TESTABILITY = YES;
				GCC_C_LANGUAGE_STANDARD = gnu11;
				GCC_DYNAMIC_NO_PIC = NO;
				GCC_NO_COMMON_BLOCKS = YES;
				GCC_OPTIMIZATION_LEVEL = 0;
				GCC_PREPROCESSOR_DEFINITIONS = (
					"DEBUG=1",
					"$(inherited)",
				);
				GCC_WARN_64_TO_32_BIT_CONVERSION = YES;
				GCC_WARN_ABOUT_RETURN_TYPE = YES_ERROR;
				GCC_WARN_UNDECLARED_SELECTOR = YES;
				GCC_WARN_UNINITIALIZED_AUTOS = YES_AGGRESSIVE;
				GCC_WARN_UNUSED_FUNCTION = YES;
				GCC_WARN_UNUSED_VARIABLE = YES;
				IPHONEOS_DEPLOYMENT_TARGET = 14.0;
				MTL_ENABLE_DEBUG_INFO = INCLUDE_SOURCE;
				MTL_FAST_MATH = YES;
				ONLY_ACTIVE_ARCH = YES;
				SDKROOT = iphoneos;
				SWIFT_ACTIVE_COMPILATION_CONDITIONS = DEBUG;
				SWIFT_OPTIMIZATION_LEVEL = "-Onone";
			};
			name = Debug;
		};
		7BD55AD72537460D000A6C96 /* Release */ = {
			isa = XCBuildConfiguration;
			buildSettings = {
				ALWAYS_SEARCH_USER_PATHS = NO;
				CLANG_ANALYZER_NONNULL = YES;
				CLANG_ANALYZER_NUMBER_OBJECT_CONVERSION = YES_AGGRESSIVE;
				CLANG_CXX_LANGUAGE_STANDARD = "gnu++14";
				CLANG_CXX_LIBRARY = "libc++";
				CLANG_ENABLE_MODULES = YES;
				CLANG_ENABLE_OBJC_ARC = YES;
				CLANG_ENABLE_OBJC_WEAK = YES;
				CLANG_WARN_BLOCK_CAPTURE_AUTORELEASING = YES;
				CLANG_WARN_BOOL_CONVERSION = YES;
				CLANG_WARN_COMMA = YES;
				CLANG_WARN_CONSTANT_CONVERSION = YES;
				CLANG_WARN_DEPRECATED_OBJC_IMPLEMENTATIONS = YES;
				CLANG_WARN_DIRECT_OBJC_ISA_USAGE = YES_ERROR;
				CLANG_WARN_DOCUMENTATION_COMMENTS = YES;
				CLANG_WARN_EMPTY_BODY = YES;
				CLANG_WARN_ENUM_CONVERSION = YES;
				CLANG_WARN_INFINITE_RECURSION = YES;
				CLANG_WARN_INT_CONVERSION = YES;
				CLANG_WARN_NON_LITERAL_NULL_CONVERSION = YES;
				CLANG_WARN_OBJC_IMPLICIT_RETAIN_SELF = YES;
				CLANG_WARN_OBJC_LITERAL_CONVERSION = YES;
				CLANG_WARN_OBJC_ROOT_CLASS = YES_ERROR;
				CLANG_WARN_QUOTED_INCLUDE_IN_FRAMEWORK_HEADER = YES;
				CLANG_WARN_RANGE_LOOP_ANALYSIS = YES;
				CLANG_WARN_STRICT_PROTOTYPES = YES;
				CLANG_WARN_SUSPICIOUS_MOVE = YES;
				CLANG_WARN_UNGUARDED_AVAILABILITY = YES_AGGRESSIVE;
				CLANG_WARN_UNREACHABLE_CODE = YES;
				CLANG_WARN__DUPLICATE_METHOD_MATCH = YES;
				COPY_PHASE_STRIP = NO;
				DEBUG_INFORMATION_FORMAT = "dwarf-with-dsym";
				ENABLE_NS_ASSERTIONS = NO;
				ENABLE_STRICT_OBJC_MSGSEND = YES;
				GCC_C_LANGUAGE_STANDARD = gnu11;
				GCC_NO_COMMON_BLOCKS = YES;
				GCC_WARN_64_TO_32_BIT_CONVERSION = YES;
				GCC_WARN_ABOUT_RETURN_TYPE = YES_ERROR;
				GCC_WARN_UNDECLARED_SELECTOR = YES;
				GCC_WARN_UNINITIALIZED_AUTOS = YES_AGGRESSIVE;
				GCC_WARN_UNUSED_FUNCTION = YES;
				GCC_WARN_UNUSED_VARIABLE = YES;
				IPHONEOS_DEPLOYMENT_TARGET = 14.0;
				MTL_ENABLE_DEBUG_INFO = NO;
				MTL_FAST_MATH = YES;
				SDKROOT = iphoneos;
				SWIFT_COMPILATION_MODE = wholemodule;
				SWIFT_OPTIMIZATION_LEVEL = "-O";
				VALIDATE_PRODUCT = YES;
			};
			name = Release;
		};
		7BD55AD92537460D000A6C96 /* Debug */ = {
			isa = XCBuildConfiguration;
			buildSettings = {
				ASSETCATALOG_COMPILER_APPICON_NAME = AppIcon;
				ASSETCATALOG_COMPILER_GLOBAL_ACCENT_COLOR_NAME = AccentColor;
				CODE_SIGN_STYLE = Automatic;
				DEVELOPMENT_TEAM = H6A2F4D638;
				INFOPLIST_FILE = Twitter/Info.plist;
				LD_RUNPATH_SEARCH_PATHS = (
					"$(inherited)",
					"@executable_path/Frameworks",
				);
				PRODUCT_BUNDLE_IDENTIFIER = "Stanislav-Starovoytov.Twitter";
				PRODUCT_NAME = "$(TARGET_NAME)";
				SWIFT_VERSION = 5.0;
				TARGETED_DEVICE_FAMILY = "1,2";
			};
			name = Debug;
		};
		7BD55ADA2537460D000A6C96 /* Release */ = {
			isa = XCBuildConfiguration;
			buildSettings = {
				ASSETCATALOG_COMPILER_APPICON_NAME = AppIcon;
				ASSETCATALOG_COMPILER_GLOBAL_ACCENT_COLOR_NAME = AccentColor;
				CODE_SIGN_STYLE = Automatic;
				DEVELOPMENT_TEAM = H6A2F4D638;
				INFOPLIST_FILE = Twitter/Info.plist;
				LD_RUNPATH_SEARCH_PATHS = (
					"$(inherited)",
					"@executable_path/Frameworks",
				);
				PRODUCT_BUNDLE_IDENTIFIER = "Stanislav-Starovoytov.Twitter";
				PRODUCT_NAME = "$(TARGET_NAME)";
				SWIFT_VERSION = 5.0;
				TARGETED_DEVICE_FAMILY = "1,2";
			};
			name = Release;
		};
/* End XCBuildConfiguration section */

/* Begin XCConfigurationList section */
		7BD55ABF2537460C000A6C96 /* Build configuration list for PBXProject "Twitter" */ = {
			isa = XCConfigurationList;
			buildConfigurations = (
				7BD55AD62537460D000A6C96 /* Debug */,
				7BD55AD72537460D000A6C96 /* Release */,
			);
			defaultConfigurationIsVisible = 0;
			defaultConfigurationName = Release;
		};
		7BD55AD82537460D000A6C96 /* Build configuration list for PBXNativeTarget "Twitter" */ = {
			isa = XCConfigurationList;
			buildConfigurations = (
				7BD55AD92537460D000A6C96 /* Debug */,
				7BD55ADA2537460D000A6C96 /* Release */,
			);
			defaultConfigurationIsVisible = 0;
			defaultConfigurationName = Release;
		};
/* End XCConfigurationList section */
	};
	rootObject = 7BD55ABC2537460C000A6C96 /* Project object */;
}
